{
  "name": "plate-palate",
  "lockfileVersion": 3,
  "requires": true,
  "packages": {
    "": {
      "dependencies": {
        "@auth0/angular-jwt": "^5.1.2",
        "@fortawesome/fontawesome-free": "^6.4.0",
        "bootstrap": "^5.3.0"
      }
    },
    "node_modules/@angular/common": {
      "version": "16.1.2",
      "resolved": "https://registry.npmjs.org/@angular/common/-/common-16.1.2.tgz",
      "integrity": "sha512-MrJ1CUKg4H8fH0Jc771gLceVcawBPjIM6TSLEM7DMeX7SZ6eSU9HAOCTHXBg7Kmb7ZS19G1BQBD/tkjivszk+Q==",
      "peer": true,
      "dependencies": {
        "tslib": "^2.3.0"
      },
      "engines": {
        "node": "^16.14.0 || >=18.10.0"
      },
      "peerDependencies": {
        "@angular/core": "16.1.2",
        "rxjs": "^6.5.3 || ^7.4.0"
      }
    },
    "node_modules/@angular/core": {
      "version": "16.1.2",
      "resolved": "https://registry.npmjs.org/@angular/core/-/core-16.1.2.tgz",
      "integrity": "sha512-1w8DcSY/ZJT6qBaZWZGNQ50YQ5Cffm7xXSIcjIZeQwQKRAZNlZ1O/pFEer1kvxkAbVsQH3Nf6kB6t8PkNFCWMg==",
      "peer": true,
      "dependencies": {
        "tslib": "^2.3.0"
      },
      "engines": {
        "node": "^16.14.0 || >=18.10.0"
      },
      "peerDependencies": {
        "rxjs": "^6.5.3 || ^7.4.0",
        "zone.js": "~0.13.0"
      }
    },
    "node_modules/@auth0/angular-jwt": {
      "version": "5.1.2",
      "resolved": "https://registry.npmjs.org/@auth0/angular-jwt/-/angular-jwt-5.1.2.tgz",
      "integrity": "sha512-8ulz24cPpEkZb9/AdAaWfYIkomQDbZqvB9LproF/48Klnr30EJx09AYF9sbKTN4qLSgIZSlCb/Y7XQJZ51vSzA==",
      "dependencies": {
        "tslib": "^2.0.0"
      },
      "peerDependencies": {
        "@angular/common": ">=12.0.0"
      }
    },
    "node_modules/@fortawesome/fontawesome-free": {
      "version": "6.4.0",
      "hasInstallScript": true,
      "license": "(CC-BY-4.0 AND OFL-1.1 AND MIT)",
      "engines": {
        "node": ">=6"
      }
    },
    "node_modules/@popperjs/core": {
      "version": "2.11.8",
      "license": "MIT",
      "peer": true,
      "funding": {
        "type": "opencollective",
        "url": "https://opencollective.com/popperjs"
      }
    },
    "node_modules/bootstrap": {
      "version": "5.3.0",
      "funding": [
        {
          "type": "github",
          "url": "https://github.com/sponsors/twbs"
        },
        {
          "type": "opencollective",
          "url": "https://opencollective.com/bootstrap"
        }
      ],
      "license": "MIT",
      "peerDependencies": {
        "@popperjs/core": "^2.11.7"
      }
    },
    "node_modules/rxjs": {
      "version": "7.8.1",
      "resolved": "https://registry.npmjs.org/rxjs/-/rxjs-7.8.1.tgz",
      "integrity": "sha512-AA3TVj+0A2iuIoQkWEK/tqFjBq2j+6PO6Y0zJcvzLAFhEFIO3HL0vls9hWLncZbAAbK0mar7oZ4V079I/qPMxg==",
      "peer": true,
      "dependencies": {
        "tslib": "^2.1.0"
      }
    },
    "node_modules/tslib": {
      "version": "2.5.3",
      "resolved": "https://registry.npmjs.org/tslib/-/tslib-2.5.3.tgz",
      "integrity": "sha512-mSxlJJwl3BMEQCUNnxXBU9jP4JBktcEGhURcPR6VQVlnP0FdDEsIaz0C35dXNGLyRfrATNofF0F5p2KPxQgB+w=="
    },
    "node_modules/zone.js": {
      "version": "0.13.1",
      "resolved": "https://registry.npmjs.org/zone.js/-/zone.js-0.13.1.tgz",
      "integrity": "sha512-+bIeDAFEBYuXRuU3qGQvzdPap+N1zjM4KkBAiiQuVVCrHrhjDuY6VkUhNa5+U27+9w0q3fbKiMCbpJ0XzMmSWA==",
      "peer": true,
      "dependencies": {
        "tslib": "^2.3.0"
      }
    }
  }
}
